
Microsoft Visual Studio Solution File, Format Version 9.00
# Visual Studio 2005
Project("{8BC9CEB8-8B4A-11D0-8D11-00A0C91BC942}") = "listcompletion", "listcompletion\listcompletion.vcproj", "{386854B8-FE4C-46F5-8248-C9439A81D321}"
EndProject
Global
	GlobalSection(SolutionConfigurationPlatforms) = preSolution
		Debug|Win32 = Debug|Win32
		Release|Win32 = Release|Win32
	EndGlobalSection
	GlobalSection(ProjectConfigurationPlatforms) = postSolution
		{386854B8-FE4C-46F5-8248-C9439A81D321}.Debug|Win32.ActiveCfg = Debug|Win32
		{386854B8-FE4C-46F5-8248-C9439A81D321}.Debug|Win32.Build.0 = Debug|Win32
		{386854B8-FE4C-46F5-8248-C9439A81D321}.Release|Win32.ActiveCfg = Release|Win32
		{386854B8-FE4C-46F5-8248-C9439A81D321}.Release|Win32.Build.0 = Release|Win32
	EndGlobalSection
	GlobalSection(SolutionProperties) = preSolution
		HideSolutionNode = FALSE
	EndGlobalSection
EndGlobal
